// !$*UTF8*$!
{
	archiveVersion = 1;
	classes = {
	};
	objectVersion = 46;
	objects = {

/* Begin PBXBuildFile section */
		51C4097A1625F62900AF7C06 /* UIKit.framework in Frameworks */ = {isa = PBXBuildFile; fileRef = 51C409791625F62900AF7C06 /* UIKit.framework */; };
		51C4097C1625F62900AF7C06 /* Foundation.framework in Frameworks */ = {isa = PBXBuildFile; fileRef = 51C4097B1625F62900AF7C06 /* Foundation.framework */; };
		51C4097E1625F62900AF7C06 /* CoreGraphics.framework in Frameworks */ = {isa = PBXBuildFile; fileRef = 51C4097D1625F62900AF7C06 /* CoreGraphics.framework */; };
		51C409841625F62900AF7C06 /* InfoPlist.strings in Resources */ = {isa = PBXBuildFile; fileRef = 51C409821625F62900AF7C06 /* InfoPlist.strings */; };
		51C409861625F62900AF7C06 /* main.m in Sources */ = {isa = PBXBuildFile; fileRef = 51C409851625F62900AF7C06 /* main.m */; };
		51C4098A1625F62900AF7C06 /* AppDelegate.m in Sources */ = {isa = PBXBuildFile; fileRef = 51C409891625F62900AF7C06 /* AppDelegate.m */; };
		51C4098C1625F62900AF7C06 /* Default.png in Resources */ = {isa = PBXBuildFile; fileRef = 51C4098B1625F62900AF7C06 /* Default.png */; };
		51C4098E1625F62900AF7C06 /* Default@2x.png in Resources */ = {isa = PBXBuildFile; fileRef = 51C4098D1625F62900AF7C06 /* Default@2x.png */; };
		51C409901625F62900AF7C06 /* Default-568h@2x.png in Resources */ = {isa = PBXBuildFile; fileRef = 51C4098F1625F62900AF7C06 /* Default-568h@2x.png */; };
		51C409981625F62A00AF7C06 /* SenTestingKit.framework in Frameworks */ = {isa = PBXBuildFile; fileRef = 51C409971625F62900AF7C06 /* SenTestingKit.framework */; };
		51C409991625F62A00AF7C06 /* UIKit.framework in Frameworks */ = {isa = PBXBuildFile; fileRef = 51C409791625F62900AF7C06 /* UIKit.framework */; };
		51C4099A1625F62A00AF7C06 /* Foundation.framework in Frameworks */ = {isa = PBXBuildFile; fileRef = 51C4097B1625F62900AF7C06 /* Foundation.framework */; };
		51C409A21625F62A00AF7C06 /* InfoPlist.strings in Resources */ = {isa = PBXBuildFile; fileRef = 51C409A01625F62A00AF7C06 /* InfoPlist.strings */; };
		51C409A51625F62A00AF7C06 /* FTPDFAssetRendererTests.m in Sources */ = {isa = PBXBuildFile; fileRef = 51C409A41625F62A00AF7C06 /* FTPDFAssetRendererTests.m */; };
		51C409BA1626014200AF7C06 /* FTPDFAssetRenderer.m in Sources */ = {isa = PBXBuildFile; fileRef = 51C409B91626014200AF7C06 /* FTPDFAssetRenderer.m */; };
		51C409BD1626038900AF7C06 /* restaurant-icon-mask.pdf in Resources */ = {isa = PBXBuildFile; fileRef = 51C409BC1626038900AF7C06 /* restaurant-icon-mask.pdf */; };
		51C409DB1627191600AF7C06 /* FTAssetRenderer.m in Sources */ = {isa = PBXBuildFile; fileRef = 51C409DA1627191600AF7C06 /* FTAssetRenderer.m */; };
		51C409DF1627240D00AF7C06 /* FTImageAssetRenderer.m in Sources */ = {isa = PBXBuildFile; fileRef = 51C409DE1627240D00AF7C06 /* FTImageAssetRenderer.m */; };
		51C409E21627339300AF7C06 /* FTAssetRendererTests.m in Sources */ = {isa = PBXBuildFile; fileRef = 51C409E11627339300AF7C06 /* FTAssetRendererTests.m */; };
		51C409E51627353300AF7C06 /* FTImageAssetRendererTests.m in Sources */ = {isa = PBXBuildFile; fileRef = 51C409E41627353300AF7C06 /* FTImageAssetRendererTests.m */; };
		51C409E7162C0C1000AF7C06 /* restaurant-icon-mask.png in Resources */ = {isa = PBXBuildFile; fileRef = 51C409E6162C0C1000AF7C06 /* restaurant-icon-mask.png */; };
		51C409E9162C0C8A00AF7C06 /* restaurant-icon-mask@2x.png in Resources */ = {isa = PBXBuildFile; fileRef = 51C409E8162C0C8A00AF7C06 /* restaurant-icon-mask@2x.png */; };
/* End PBXBuildFile section */

/* Begin PBXContainerItemProxy section */
		51C4099B1625F62A00AF7C06 /* PBXContainerItemProxy */ = {
			isa = PBXContainerItemProxy;
			containerPortal = 51C4096C1625F62900AF7C06 /* Project object */;
			proxyType = 1;
			remoteGlobalIDString = 51C409741625F62900AF7C06;
			remoteInfo = FTPDFIconRenderer;
		};
/* End PBXContainerItemProxy section */

/* Begin PBXFileReference section */
		51C409751625F62900AF7C06 /* FTAssetRenderer.app */ = {isa = PBXFileReference; explicitFileType = wrapper.application; includeInIndex = 0; path = FTAssetRenderer.app; sourceTree = BUILT_PRODUCTS_DIR; };
		51C409791625F62900AF7C06 /* UIKit.framework */ = {isa = PBXFileReference; lastKnownFileType = wrapper.framework; name = UIKit.framework; path = System/Library/Frameworks/UIKit.framework; sourceTree = SDKROOT; };
		51C4097B1625F62900AF7C06 /* Foundation.framework */ = {isa = PBXFileReference; lastKnownFileType = wrapper.framework; name = Foundation.framework; path = System/Library/Frameworks/Foundation.framework; sourceTree = SDKROOT; };
		51C4097D1625F62900AF7C06 /* CoreGraphics.framework */ = {isa = PBXFileReference; lastKnownFileType = wrapper.framework; name = CoreGraphics.framework; path = System/Library/Frameworks/CoreGraphics.framework; sourceTree = SDKROOT; };
		51C409811625F62900AF7C06 /* FTAssetRenderer-Info.plist */ = {isa = PBXFileReference; lastKnownFileType = text.plist.xml; path = "FTAssetRenderer-Info.plist"; sourceTree = "<group>"; };
		51C409831625F62900AF7C06 /* en */ = {isa = PBXFileReference; lastKnownFileType = text.plist.strings; name = en; path = en.lproj/InfoPlist.strings; sourceTree = "<group>"; };
		51C409851625F62900AF7C06 /* main.m */ = {isa = PBXFileReference; lastKnownFileType = sourcecode.c.objc; path = main.m; sourceTree = "<group>"; };
		51C409871625F62900AF7C06 /* FTAssetRenderer-Prefix.pch */ = {isa = PBXFileReference; lastKnownFileType = sourcecode.c.h; path = "FTAssetRenderer-Prefix.pch"; sourceTree = "<group>"; };
		51C409881625F62900AF7C06 /* AppDelegate.h */ = {isa = PBXFileReference; lastKnownFileType = sourcecode.c.h; path = AppDelegate.h; sourceTree = "<group>"; };
		51C409891625F62900AF7C06 /* AppDelegate.m */ = {isa = PBXFileReference; lastKnownFileType = sourcecode.c.objc; path = AppDelegate.m; sourceTree = "<group>"; };
		51C4098B1625F62900AF7C06 /* Default.png */ = {isa = PBXFileReference; lastKnownFileType = image.png; path = Default.png; sourceTree = "<group>"; };
		51C4098D1625F62900AF7C06 /* Default@2x.png */ = {isa = PBXFileReference; lastKnownFileType = image.png; path = "Default@2x.png"; sourceTree = "<group>"; };
		51C4098F1625F62900AF7C06 /* Default-568h@2x.png */ = {isa = PBXFileReference; lastKnownFileType = image.png; path = "Default-568h@2x.png"; sourceTree = "<group>"; };
		51C409961625F62900AF7C06 /* FTAssetRendererTests.octest */ = {isa = PBXFileReference; explicitFileType = wrapper.cfbundle; includeInIndex = 0; path = FTAssetRendererTests.octest; sourceTree = BUILT_PRODUCTS_DIR; };
		51C409971625F62900AF7C06 /* SenTestingKit.framework */ = {isa = PBXFileReference; lastKnownFileType = wrapper.framework; name = SenTestingKit.framework; path = Library/Frameworks/SenTestingKit.framework; sourceTree = DEVELOPER_DIR; };
		51C4099F1625F62A00AF7C06 /* FTAssetRendererTests-Info.plist */ = {isa = PBXFileReference; lastKnownFileType = text.plist.xml; path = "FTAssetRendererTests-Info.plist"; sourceTree = "<group>"; };
		51C409A11625F62A00AF7C06 /* en */ = {isa = PBXFileReference; lastKnownFileType = text.plist.strings; name = en; path = en.lproj/InfoPlist.strings; sourceTree = "<group>"; };
		51C409A31625F62A00AF7C06 /* FTPDFAssetRendererTests.h */ = {isa = PBXFileReference; lastKnownFileType = sourcecode.c.h; path = FTPDFAssetRendererTests.h; sourceTree = "<group>"; };
		51C409A41625F62A00AF7C06 /* FTPDFAssetRendererTests.m */ = {isa = PBXFileReference; lastKnownFileType = sourcecode.c.objc; path = FTPDFAssetRendererTests.m; sourceTree = "<group>"; };
		51C409B81626014200AF7C06 /* FTPDFAssetRenderer.h */ = {isa = PBXFileReference; fileEncoding = 4; lastKnownFileType = sourcecode.c.h; name = FTPDFAssetRenderer.h; path = ../Source/FTPDFAssetRenderer.h; sourceTree = "<group>"; };
		51C409B91626014200AF7C06 /* FTPDFAssetRenderer.m */ = {isa = PBXFileReference; fileEncoding = 4; lastKnownFileType = sourcecode.c.objc; name = FTPDFAssetRenderer.m; path = ../Source/FTPDFAssetRenderer.m; sourceTree = "<group>"; };
		51C409BC1626038900AF7C06 /* restaurant-icon-mask.pdf */ = {isa = PBXFileReference; lastKnownFileType = image.pdf; path = "restaurant-icon-mask.pdf"; sourceTree = SOURCE_ROOT; };
		51C409D91627191600AF7C06 /* FTAssetRenderer.h */ = {isa = PBXFileReference; fileEncoding = 4; lastKnownFileType = sourcecode.c.h; name = FTAssetRenderer.h; path = ../Source/FTAssetRenderer.h; sourceTree = "<group>"; };
		51C409DA1627191600AF7C06 /* FTAssetRenderer.m */ = {isa = PBXFileReference; fileEncoding = 4; lastKnownFileType = sourcecode.c.objc; name = FTAssetRenderer.m; path = ../Source/FTAssetRenderer.m; sourceTree = "<group>"; };
		51C409DD1627240D00AF7C06 /* FTImageAssetRenderer.h */ = {isa = PBXFileReference; fileEncoding = 4; lastKnownFileType = sourcecode.c.h; name = FTImageAssetRenderer.h; path = ../Source/FTImageAssetRenderer.h; sourceTree = "<group>"; };
		51C409DE1627240D00AF7C06 /* FTImageAssetRenderer.m */ = {isa = PBXFileReference; fileEncoding = 4; lastKnownFileType = sourcecode.c.objc; name = FTImageAssetRenderer.m; path = ../Source/FTImageAssetRenderer.m; sourceTree = "<group>"; };
		51C409E01627339300AF7C06 /* FTAssetRendererTests.h */ = {isa = PBXFileReference; fileEncoding = 4; lastKnownFileType = sourcecode.c.h; path = FTAssetRendererTests.h; sourceTree = "<group>"; };
		51C409E11627339300AF7C06 /* FTAssetRendererTests.m */ = {isa = PBXFileReference; fileEncoding = 4; lastKnownFileType = sourcecode.c.objc; path = FTAssetRendererTests.m; sourceTree = "<group>"; };
		51C409E31627353300AF7C06 /* FTImageAssetRendererTests.h */ = {isa = PBXFileReference; fileEncoding = 4; lastKnownFileType = sourcecode.c.h; path = FTImageAssetRendererTests.h; sourceTree = "<group>"; };
		51C409E41627353300AF7C06 /* FTImageAssetRendererTests.m */ = {isa = PBXFileReference; fileEncoding = 4; lastKnownFileType = sourcecode.c.objc; path = FTImageAssetRendererTests.m; sourceTree = "<group>"; };
		51C409E6162C0C1000AF7C06 /* restaurant-icon-mask.png */ = {isa = PBXFileReference; lastKnownFileType = image.png; path = "restaurant-icon-mask.png"; sourceTree = "<group>"; };
		51C409E8162C0C8A00AF7C06 /* restaurant-icon-mask@2x.png */ = {isa = PBXFileReference; lastKnownFileType = image.png; path = "restaurant-icon-mask@2x.png"; sourceTree = "<group>"; };
/* End PBXFileReference section */

/* Begin PBXFrameworksBuildPhase section */
		51C409721625F62900AF7C06 /* Frameworks */ = {
			isa = PBXFrameworksBuildPhase;
			buildActionMask = 2147483647;
			files = (
				51C4097A1625F62900AF7C06 /* UIKit.framework in Frameworks */,
				51C4097C1625F62900AF7C06 /* Foundation.framework in Frameworks */,
				51C4097E1625F62900AF7C06 /* CoreGraphics.framework in Frameworks */,
			);
			runOnlyForDeploymentPostprocessing = 0;
		};
		51C409921625F62900AF7C06 /* Frameworks */ = {
			isa = PBXFrameworksBuildPhase;
			buildActionMask = 2147483647;
			files = (
				51C409981625F62A00AF7C06 /* SenTestingKit.framework in Frameworks */,
				51C409991625F62A00AF7C06 /* UIKit.framework in Frameworks */,
				51C4099A1625F62A00AF7C06 /* Foundation.framework in Frameworks */,
			);
			runOnlyForDeploymentPostprocessing = 0;
		};
/* End PBXFrameworksBuildPhase section */

/* Begin PBXGroup section */
		51C4096A1625F62900AF7C06 = {
			isa = PBXGroup;
			children = (
				51C409C21626044E00AF7C06 /* Example */,
				51C409B31626000A00AF7C06 /* Source */,
				51C4099D1625F62A00AF7C06 /* Tests */,
				51C409781625F62900AF7C06 /* Frameworks */,
				51C409761625F62900AF7C06 /* Products */,
			);
			sourceTree = "<group>";
		};
		51C409761625F62900AF7C06 /* Products */ = {
			isa = PBXGroup;
			children = (
				51C409751625F62900AF7C06 /* FTAssetRenderer.app */,
				51C409961625F62900AF7C06 /* FTAssetRendererTests.octest */,
			);
			name = Products;
			sourceTree = "<group>";
		};
		51C409781625F62900AF7C06 /* Frameworks */ = {
			isa = PBXGroup;
			children = (
				51C409791625F62900AF7C06 /* UIKit.framework */,
				51C4097B1625F62900AF7C06 /* Foundation.framework */,
				51C4097D1625F62900AF7C06 /* CoreGraphics.framework */,
				51C409971625F62900AF7C06 /* SenTestingKit.framework */,
			);
			name = Frameworks;
			sourceTree = "<group>";
		};
		51C4099D1625F62A00AF7C06 /* Tests */ = {
			isa = PBXGroup;
			children = (
				51C409C5162619C100AF7C06 /* Supporting Files */,
				51C409E01627339300AF7C06 /* FTAssetRendererTests.h */,
				51C409E11627339300AF7C06 /* FTAssetRendererTests.m */,
				51C409A31625F62A00AF7C06 /* FTPDFAssetRendererTests.h */,
				51C409A41625F62A00AF7C06 /* FTPDFAssetRendererTests.m */,
				51C409E31627353300AF7C06 /* FTImageAssetRendererTests.h */,
				51C409E41627353300AF7C06 /* FTImageAssetRendererTests.m */,
			);
			name = Tests;
			path = ../Tests;
			sourceTree = "<group>";
		};
		51C409B31626000A00AF7C06 /* Source */ = {
			isa = PBXGroup;
			children = (
				51C409D91627191600AF7C06 /* FTAssetRenderer.h */,
				51C409DA1627191600AF7C06 /* FTAssetRenderer.m */,
				51C409B81626014200AF7C06 /* FTPDFAssetRenderer.h */,
				51C409B91626014200AF7C06 /* FTPDFAssetRenderer.m */,
				51C409DD1627240D00AF7C06 /* FTImageAssetRenderer.h */,
				51C409DE1627240D00AF7C06 /* FTImageAssetRenderer.m */,
			);
			name = Source;
			sourceTree = "<group>";
		};
		51C409C21626044E00AF7C06 /* Example */ = {
			isa = PBXGroup;
			children = (
				51C409E6162C0C1000AF7C06 /* restaurant-icon-mask.png */,
				51C409E8162C0C8A00AF7C06 /* restaurant-icon-mask@2x.png */,
				51C409BC1626038900AF7C06 /* restaurant-icon-mask.pdf */,
				51C409881625F62900AF7C06 /* AppDelegate.h */,
				51C409891625F62900AF7C06 /* AppDelegate.m */,
				51C409C41626047E00AF7C06 /* Supporting Files */,
			);
			name = Example;
			sourceTree = "<group>";
		};
		51C409C41626047E00AF7C06 /* Supporting Files */ = {
			isa = PBXGroup;
			children = (
				51C409811625F62900AF7C06 /* FTAssetRenderer-Info.plist */,
				51C409821625F62900AF7C06 /* InfoPlist.strings */,
				51C409851625F62900AF7C06 /* main.m */,
				51C409871625F62900AF7C06 /* FTAssetRenderer-Prefix.pch */,
				51C4098B1625F62900AF7C06 /* Default.png */,
				51C4098D1625F62900AF7C06 /* Default@2x.png */,
				51C4098F1625F62900AF7C06 /* Default-568h@2x.png */,
			);
			name = "Supporting Files";
			sourceTree = "<group>";
		};
		51C409C5162619C100AF7C06 /* Supporting Files */ = {
			isa = PBXGroup;
			children = (
				51C4099F1625F62A00AF7C06 /* FTAssetRendererTests-Info.plist */,
				51C409A01625F62A00AF7C06 /* InfoPlist.strings */,
			);
			name = "Supporting Files";
			sourceTree = "<group>";
		};
/* End PBXGroup section */

/* Begin PBXNativeTarget section */
		51C409741625F62900AF7C06 /* FTAssetRenderer */ = {
			isa = PBXNativeTarget;
			buildConfigurationList = 51C409A81625F62A00AF7C06 /* Build configuration list for PBXNativeTarget "FTAssetRenderer" */;
			buildPhases = (
				51C409711625F62900AF7C06 /* Sources */,
				51C409721625F62900AF7C06 /* Frameworks */,
				51C409731625F62900AF7C06 /* Resources */,
			);
			buildRules = (
			);
			dependencies = (
			);
			name = FTAssetRenderer;
			productName = FTPDFIconRenderer;
			productReference = 51C409751625F62900AF7C06 /* FTAssetRenderer.app */;
			productType = "com.apple.product-type.application";
		};
		51C409951625F62900AF7C06 /* FTAssetRendererTests */ = {
			isa = PBXNativeTarget;
			buildConfigurationList = 51C409AB1625F62A00AF7C06 /* Build configuration list for PBXNativeTarget "FTAssetRendererTests" */;
			buildPhases = (
				51C409911625F62900AF7C06 /* Sources */,
				51C409921625F62900AF7C06 /* Frameworks */,
				51C409931625F62900AF7C06 /* Resources */,
				51C409941625F62900AF7C06 /* ShellScript */,
			);
			buildRules = (
			);
			dependencies = (
				51C4099C1625F62A00AF7C06 /* PBXTargetDependency */,
			);
			name = FTAssetRendererTests;
			productName = FTPDFIconRendererTests;
			productReference = 51C409961625F62900AF7C06 /* FTAssetRendererTests.octest */;
			productType = "com.apple.product-type.bundle";
		};
/* End PBXNativeTarget section */

/* Begin PBXProject section */
		51C4096C1625F62900AF7C06 /* Project object */ = {
			isa = PBXProject;
			attributes = {
				LastUpgradeCheck = 0450;
				ORGANIZATIONNAME = "Fingertips BV";
			};
			buildConfigurationList = 51C4096F1625F62900AF7C06 /* Build configuration list for PBXProject "FTAssetRenderer" */;
			compatibilityVersion = "Xcode 3.2";
			developmentRegion = English;
			hasScannedForEncodings = 0;
			knownRegions = (
				en,
			);
			mainGroup = 51C4096A1625F62900AF7C06;
			productRefGroup = 51C409761625F62900AF7C06 /* Products */;
			projectDirPath = "";
			projectRoot = "";
			targets = (
				51C409741625F62900AF7C06 /* FTAssetRenderer */,
				51C409951625F62900AF7C06 /* FTAssetRendererTests */,
			);
		};
/* End PBXProject section */

/* Begin PBXResourcesBuildPhase section */
		51C409731625F62900AF7C06 /* Resources */ = {
			isa = PBXResourcesBuildPhase;
			buildActionMask = 2147483647;
			files = (
				51C409841625F62900AF7C06 /* InfoPlist.strings in Resources */,
				51C4098C1625F62900AF7C06 /* Default.png in Resources */,
				51C4098E1625F62900AF7C06 /* Default@2x.png in Resources */,
				51C409901625F62900AF7C06 /* Default-568h@2x.png in Resources */,
				51C409BD1626038900AF7C06 /* restaurant-icon-mask.pdf in Resources */,
				51C409E7162C0C1000AF7C06 /* restaurant-icon-mask.png in Resources */,
				51C409E9162C0C8A00AF7C06 /* restaurant-icon-mask@2x.png in Resources */,
			);
			runOnlyForDeploymentPostprocessing = 0;
		};
		51C409931625F62900AF7C06 /* Resources */ = {
			isa = PBXResourcesBuildPhase;
			buildActionMask = 2147483647;
			files = (
				51C409A21625F62A00AF7C06 /* InfoPlist.strings in Resources */,
			);
			runOnlyForDeploymentPostprocessing = 0;
		};
/* End PBXResourcesBuildPhase section */

/* Begin PBXShellScriptBuildPhase section */
		51C409941625F62900AF7C06 /* ShellScript */ = {
			isa = PBXShellScriptBuildPhase;
			buildActionMask = 2147483647;
			files = (
			);
			inputPaths = (
			);
			outputPaths = (
			);
			runOnlyForDeploymentPostprocessing = 0;
			shellPath = /bin/sh;
			shellScript = "# Run the unit tests in this test bundle.\n\"${SYSTEM_DEVELOPER_DIR}/Tools/RunUnitTests\"\n";
		};
/* End PBXShellScriptBuildPhase section */

/* Begin PBXSourcesBuildPhase section */
		51C409711625F62900AF7C06 /* Sources */ = {
			isa = PBXSourcesBuildPhase;
			buildActionMask = 2147483647;
			files = (
				51C409861625F62900AF7C06 /* main.m in Sources */,
				51C4098A1625F62900AF7C06 /* AppDelegate.m in Sources */,
				51C409BA1626014200AF7C06 /* FTPDFAssetRenderer.m in Sources */,
				51C409DB1627191600AF7C06 /* FTAssetRenderer.m in Sources */,
				51C409DF1627240D00AF7C06 /* FTImageAssetRenderer.m in Sources */,
			);
			runOnlyForDeploymentPostprocessing = 0;
		};
		51C409911625F62900AF7C06 /* Sources */ = {
			isa = PBXSourcesBuildPhase;
			buildActionMask = 2147483647;
			files = (
				51C409A51625F62A00AF7C06 /* FTPDFAssetRendererTests.m in Sources */,
				51C409E21627339300AF7C06 /* FTAssetRendererTests.m in Sources */,
				51C409E51627353300AF7C06 /* FTImageAssetRendererTests.m in Sources */,
			);
			runOnlyForDeploymentPostprocessing = 0;
		};
/* End PBXSourcesBuildPhase section */

/* Begin PBXTargetDependency section */
		51C4099C1625F62A00AF7C06 /* PBXTargetDependency */ = {
			isa = PBXTargetDependency;
			target = 51C409741625F62900AF7C06 /* FTAssetRenderer */;
			targetProxy = 51C4099B1625F62A00AF7C06 /* PBXContainerItemProxy */;
		};
/* End PBXTargetDependency section */

/* Begin PBXVariantGroup section */
		51C409821625F62900AF7C06 /* InfoPlist.strings */ = {
			isa = PBXVariantGroup;
			children = (
				51C409831625F62900AF7C06 /* en */,
			);
			name = InfoPlist.strings;
			sourceTree = "<group>";
		};
		51C409A01625F62A00AF7C06 /* InfoPlist.strings */ = {
			isa = PBXVariantGroup;
			children = (
				51C409A11625F62A00AF7C06 /* en */,
			);
			name = InfoPlist.strings;
			sourceTree = "<group>";
		};
/* End PBXVariantGroup section */

/* Begin XCBuildConfiguration section */
		51C409A61625F62A00AF7C06 /* Debug */ = {
			isa = XCBuildConfiguration;
			buildSettings = {
				ALWAYS_SEARCH_USER_PATHS = NO;
				CLANG_CXX_LANGUAGE_STANDARD = "gnu++0x";
				CLANG_CXX_LIBRARY = "libc++";
				CLANG_ENABLE_OBJC_ARC = YES;
				CLANG_WARN_EMPTY_BODY = YES;
				CLANG_WARN__DUPLICATE_METHOD_MATCH = YES;
				"CODE_SIGN_IDENTITY[sdk=iphoneos*]" = "iPhone Developer";
				COPY_PHASE_STRIP = NO;
				GCC_C_LANGUAGE_STANDARD = gnu99;
				GCC_DYNAMIC_NO_PIC = NO;
				GCC_OPTIMIZATION_LEVEL = 0;
				GCC_PREPROCESSOR_DEFINITIONS = (
					"DEBUG=1",
					"$(inherited)",
				);
				GCC_SYMBOLS_PRIVATE_EXTERN = NO;
				GCC_WARN_ABOUT_RETURN_TYPE = YES;
				GCC_WARN_UNINITIALIZED_AUTOS = YES;
				GCC_WARN_UNUSED_VARIABLE = YES;
				IPHONEOS_DEPLOYMENT_TARGET = 6.0;
				SDKROOT = iphoneos;
				TARGETED_DEVICE_FAMILY = "1,2";
			};
			name = Debug;
		};
		51C409A71625F62A00AF7C06 /* Release */ = {
			isa = XCBuildConfiguration;
			buildSettings = {
				ALWAYS_SEARCH_USER_PATHS = NO;
				CLANG_CXX_LANGUAGE_STANDARD = "gnu++0x";
				CLANG_CXX_LIBRARY = "libc++";
				CLANG_ENABLE_OBJC_ARC = YES;
				CLANG_WARN_EMPTY_BODY = YES;
				CLANG_WARN__DUPLICATE_METHOD_MATCH = YES;
				"CODE_SIGN_IDENTITY[sdk=iphoneos*]" = "iPhone Developer";
				COPY_PHASE_STRIP = YES;
				GCC_C_LANGUAGE_STANDARD = gnu99;
				GCC_WARN_ABOUT_RETURN_TYPE = YES;
				GCC_WARN_UNINITIALIZED_AUTOS = YES;
				GCC_WARN_UNUSED_VARIABLE = YES;
				IPHONEOS_DEPLOYMENT_TARGET = 6.0;
				OTHER_CFLAGS = "-DNS_BLOCK_ASSERTIONS=1";
				SDKROOT = iphoneos;
				TARGETED_DEVICE_FAMILY = "1,2";
				VALIDATE_PRODUCT = YES;
			};
			name = Release;
		};
		51C409A91625F62A00AF7C06 /* Debug */ = {
			isa = XCBuildConfiguration;
			buildSettings = {
				GCC_PRECOMPILE_PREFIX_HEADER = YES;
				GCC_PREFIX_HEADER = "FTAssetRenderer-Prefix.pch";
				INFOPLIST_FILE = "FTAssetRenderer-Info.plist";
				PRODUCT_NAME = "$(TARGET_NAME)";
				WRAPPER_EXTENSION = app;
			};
			name = Debug;
		};
		51C409AA1625F62A00AF7C06 /* Release */ = {
			isa = XCBuildConfiguration;
			buildSettings = {
				GCC_PRECOMPILE_PREFIX_HEADER = YES;
				GCC_PREFIX_HEADER = "FTAssetRenderer-Prefix.pch";
				INFOPLIST_FILE = "FTAssetRenderer-Info.plist";
				PRODUCT_NAME = "$(TARGET_NAME)";
				WRAPPER_EXTENSION = app;
			};
			name = Release;
		};
		51C409AC1625F62A00AF7C06 /* Debug */ = {
			isa = XCBuildConfiguration;
			buildSettings = {
				BUNDLE_LOADER = "$(BUILT_PRODUCTS_DIR)/FTAssetRenderer.app/FTAssetRenderer";
				FRAMEWORK_SEARCH_PATHS = (
					"\"$(SDKROOT)/Developer/Library/Frameworks\"",
					"\"$(DEVELOPER_LIBRARY_DIR)/Frameworks\"",
				);
				GCC_PRECOMPILE_PREFIX_HEADER = YES;
				GCC_PREFIX_HEADER = "";
				INFOPLIST_FILE = "../Tests/FTAssetRendererTests-Info.plist";
				PRODUCT_NAME = "$(TARGET_NAME)";
				TEST_HOST = "$(BUNDLE_LOADER)";
				WRAPPER_EXTENSION = octest;
			};
			name = Debug;
		};
		51C409AD1625F62A00AF7C06 /* Release */ = {
			isa = XCBuildConfiguration;
			buildSettings = {
				BUNDLE_LOADER = "$(BUILT_PRODUCTS_DIR)/FTAssetRenderer.app/FTAssetRenderer";
				FRAMEWORK_SEARCH_PATHS = (
					"\"$(SDKROOT)/Developer/Library/Frameworks\"",
					"\"$(DEVELOPER_LIBRARY_DIR)/Frameworks\"",
				);
				GCC_PRECOMPILE_PREFIX_HEADER = YES;
				GCC_PREFIX_HEADER = "";
				INFOPLIST_FILE = "../Tests/FTAssetRendererTests-Info.plist";
				PRODUCT_NAME = "$(TARGET_NAME)";
				TEST_HOST = "$(BUNDLE_LOADER)";
				WRAPPER_EXTENSION = octest;
			};
			name = Release;
		};
/* End XCBuildConfiguration section */

/* Begin XCConfigurationList section */
		51C4096F1625F62900AF7C06 /* Build configuration list for PBXProject "FTAssetRenderer" */ = {
			isa = XCConfigurationList;
			buildConfigurations = (
				51C409A61625F62A00AF7C06 /* Debug */,
				51C409A71625F62A00AF7C06 /* Release */,
			);
			defaultConfigurationIsVisible = 0;
			defaultConfigurationName = Release;
		};
		51C409A81625F62A00AF7C06 /* Build configuration list for PBXNativeTarget "FTAssetRenderer" */ = {
			isa = XCConfigurationList;
			buildConfigurations = (
				51C409A91625F62A00AF7C06 /* Debug */,
				51C409AA1625F62A00AF7C06 /* Release */,
			);
			defaultConfigurationIsVisible = 0;
			defaultConfigurationName = Release;
		};
		51C409AB1625F62A00AF7C06 /* Build configuration list for PBXNativeTarget "FTAssetRendererTests" */ = {
			isa = XCConfigurationList;
			buildConfigurations = (
				51C409AC1625F62A00AF7C06 /* Debug */,
				51C409AD1625F62A00AF7C06 /* Release */,
			);
			defaultConfigurationIsVisible = 0;
			defaultConfigurationName = Release;
		};
/* End XCConfigurationList section */
	};
	rootObject = 51C4096C1625F62900AF7C06 /* Project object */;
}
